
Microsoft Visual Studio Solution File, Format Version 12.00
# Visual Studio Version 16
VisualStudioVersion = 16.0.30128.74
MinimumVisualStudioVersion = 10.0.40219.1
Project("{FAE04EC0-301F-11D3-BF4B-00C04F79EFBC}") = "CasinoGame", "CasinoGame.csproj", "{8816BB65-D99E-466C-8D6C-7F1E470AF190}"
EndProject
Global
	GlobalSection(SolutionConfigurationPlatforms) = preSolution
		Debug|Any CPU = Debug|Any CPU
		Release|Any CPU = Release|Any CPU
	EndGlobalSection
	GlobalSection(ProjectConfigurationPlatforms) = postSolution
		{8816BB65-D99E-466C-8D6C-7F1E470AF190}.Debug|Any CPU.ActiveCfg = Debug|Any CPU
		{8816BB65-D99E-466C-8D6C-7F1E470AF190}.Debug|Any CPU.Build.0 = Debug|Any CPU
		{8816BB65-D99E-466C-8D6C-7F1E470AF190}.Release|Any CPU.ActiveCfg = Release|Any CPU
		{8816BB65-D99E-466C-8D6C-7F1E470AF190}.Release|Any CPU.Build.0 = Release|Any CPU
	EndGlobalSection
	GlobalSection(SolutionProperties) = preSolution
		HideSolutionNode = FALSE
	EndGlobalSection
	GlobalSection(ExtensibilityGlobals) = postSolution
		SolutionGuid = {B544F34F-487D-40E0-9E19-C72C38354C4A}
	EndGlobalSection
EndGlobal
